// !$*UTF8*$!
{
	archiveVersion = 1;
	classes = {
	};
	objectVersion = 55;
	objects = {

/* Begin PBXBuildFile section */
		32AE95A127F5AD0E0086E9E0 /* MyAssetsApp.swift in Sources */ = {isa = PBXBuildFile; fileRef = 32AE95A027F5AD0E0086E9E0 /* MyAssetsApp.swift */; };
		32AE95A327F5AD0E0086E9E0 /* ContentView.swift in Sources */ = {isa = PBXBuildFile; fileRef = 32AE95A227F5AD0E0086E9E0 /* ContentView.swift */; };
		32AE95A527F5AD0F0086E9E0 /* Assets.xcassets in Resources */ = {isa = PBXBuildFile; fileRef = 32AE95A427F5AD0F0086E9E0 /* Assets.xcassets */; };
		32AE95A827F5AD0F0086E9E0 /* Preview Assets.xcassets in Resources */ = {isa = PBXBuildFile; fileRef = 32AE95A727F5AD0F0086E9E0 /* Preview Assets.xcassets */; };
		32AE95AF27F725ED0086E9E0 /* NavigationBarWithButton.swift in Sources */ = {isa = PBXBuildFile; fileRef = 32AE95AE27F725ED0086E9E0 /* NavigationBarWithButton.swift */; };
		32AE95B127FD1A0B0086E9E0 /* AssetMenu.swift in Sources */ = {isa = PBXBuildFile; fileRef = 32AE95B027FD1A0B0086E9E0 /* AssetMenu.swift */; };
		32AE95B327FD1B750086E9E0 /* AssetMenuButtonStyle.swift in Sources */ = {isa = PBXBuildFile; fileRef = 32AE95B227FD1B750086E9E0 /* AssetMenuButtonStyle.swift */; };
		32AE95B527FD1FBE0086E9E0 /* AssetMenuGridView.swift in Sources */ = {isa = PBXBuildFile; fileRef = 32AE95B427FD1FBE0086E9E0 /* AssetMenuGridView.swift */; };
		32AE95B727FD50900086E9E0 /* AssetView.swift in Sources */ = {isa = PBXBuildFile; fileRef = 32AE95B627FD50900086E9E0 /* AssetView.swift */; };
		32AE95B927FD51720086E9E0 /* AssetBanner.swift in Sources */ = {isa = PBXBuildFile; fileRef = 32AE95B827FD51720086E9E0 /* AssetBanner.swift */; };
		32AE95BC27FD51DD0086E9E0 /* BannerCard.swift in Sources */ = {isa = PBXBuildFile; fileRef = 32AE95BB27FD51DD0086E9E0 /* BannerCard.swift */; };
		32AE95BF27FD52CD0086E9E0 /* PageViewController.swift in Sources */ = {isa = PBXBuildFile; fileRef = 32AE95BE27FD52CD0086E9E0 /* PageViewController.swift */; };
		32AE95C127FD56900086E9E0 /* PageControl.swift in Sources */ = {isa = PBXBuildFile; fileRef = 32AE95C027FD56900086E9E0 /* PageControl.swift */; };
		32AE95C327FD57F00086E9E0 /* AssetBannerView.swift in Sources */ = {isa = PBXBuildFile; fileRef = 32AE95C227FD57F00086E9E0 /* AssetBannerView.swift */; };
		32AE95C627FFEA4C0086E9E0 /* assets.json in Resources */ = {isa = PBXBuildFile; fileRef = 32AE95C527FFEA4C0086E9E0 /* assets.json */; };
		32AE95C827FFEA6F0086E9E0 /* Asset.swift in Sources */ = {isa = PBXBuildFile; fileRef = 32AE95C727FFEA6F0086E9E0 /* Asset.swift */; };
		32AE95CA27FFEB220086E9E0 /* AssetSummaryData.swift in Sources */ = {isa = PBXBuildFile; fileRef = 32AE95C927FFEB220086E9E0 /* AssetSummaryData.swift */; };
		32AE95CC27FFECBC0086E9E0 /* AssetSectionHeaderView.swift in Sources */ = {isa = PBXBuildFile; fileRef = 32AE95CB27FFECBC0086E9E0 /* AssetSectionHeaderView.swift */; };
		32AE95CE27FFED490086E9E0 /* AssetSectionView.swift in Sources */ = {isa = PBXBuildFile; fileRef = 32AE95CD27FFED490086E9E0 /* AssetSectionView.swift */; };
		32AE95D027FFEEFA0086E9E0 /* AssetSummaryView.swift in Sources */ = {isa = PBXBuildFile; fileRef = 32AE95CF27FFEEFA0086E9E0 /* AssetSummaryView.swift */; };
		32AE95D327FFF3A50086E9E0 /* TapMenuView.swift in Sources */ = {isa = PBXBuildFile; fileRef = 32AE95D227FFF3A50086E9E0 /* TapMenuView.swift */; };
		32AE95D527FFF71D0086E9E0 /* AssetCardSectionView.swift in Sources */ = {isa = PBXBuildFile; fileRef = 32AE95D427FFF71D0086E9E0 /* AssetCardSectionView.swift */; };
/* End PBXBuildFile section */

/* Begin PBXFileReference section */
		32AE959D27F5AD0E0086E9E0 /* MyAssets.app */ = {isa = PBXFileReference; explicitFileType = wrapper.application; includeInIndex = 0; path = MyAssets.app; sourceTree = BUILT_PRODUCTS_DIR; };
		32AE95A027F5AD0E0086E9E0 /* MyAssetsApp.swift */ = {isa = PBXFileReference; lastKnownFileType = sourcecode.swift; path = MyAssetsApp.swift; sourceTree = "<group>"; };
		32AE95A227F5AD0E0086E9E0 /* ContentView.swift */ = {isa = PBXFileReference; lastKnownFileType = sourcecode.swift; path = ContentView.swift; sourceTree = "<group>"; };
		32AE95A427F5AD0F0086E9E0 /* Assets.xcassets */ = {isa = PBXFileReference; lastKnownFileType = folder.assetcatalog; path = Assets.xcassets; sourceTree = "<group>"; };
		32AE95A727F5AD0F0086E9E0 /* Preview Assets.xcassets */ = {isa = PBXFileReference; lastKnownFileType = folder.assetcatalog; path = "Preview Assets.xcassets"; sourceTree = "<group>"; };
		32AE95AE27F725ED0086E9E0 /* NavigationBarWithButton.swift */ = {isa = PBXFileReference; lastKnownFileType = sourcecode.swift; path = NavigationBarWithButton.swift; sourceTree = "<group>"; };
		32AE95B027FD1A0B0086E9E0 /* AssetMenu.swift */ = {isa = PBXFileReference; lastKnownFileType = sourcecode.swift; path = AssetMenu.swift; sourceTree = "<group>"; };
		32AE95B227FD1B750086E9E0 /* AssetMenuButtonStyle.swift */ = {isa = PBXFileReference; lastKnownFileType = sourcecode.swift; path = AssetMenuButtonStyle.swift; sourceTree = "<group>"; };
		32AE95B427FD1FBE0086E9E0 /* AssetMenuGridView.swift */ = {isa = PBXFileReference; lastKnownFileType = sourcecode.swift; path = AssetMenuGridView.swift; sourceTree = "<group>"; };
		32AE95B627FD50900086E9E0 /* AssetView.swift */ = {isa = PBXFileReference; lastKnownFileType = sourcecode.swift; path = AssetView.swift; sourceTree = "<group>"; };
		32AE95B827FD51720086E9E0 /* AssetBanner.swift */ = {isa = PBXFileReference; lastKnownFileType = sourcecode.swift; path = AssetBanner.swift; sourceTree = "<group>"; };
		32AE95BB27FD51DD0086E9E0 /* BannerCard.swift */ = {isa = PBXFileReference; lastKnownFileType = sourcecode.swift; path = BannerCard.swift; sourceTree = "<group>"; };
		32AE95BE27FD52CD0086E9E0 /* PageViewController.swift */ = {isa = PBXFileReference; lastKnownFileType = sourcecode.swift; path = PageViewController.swift; sourceTree = "<group>"; };
		32AE95C027FD56900086E9E0 /* PageControl.swift */ = {isa = PBXFileReference; lastKnownFileType = sourcecode.swift; path = PageControl.swift; sourceTree = "<group>"; };
		32AE95C227FD57F00086E9E0 /* AssetBannerView.swift */ = {isa = PBXFileReference; lastKnownFileType = sourcecode.swift; path = AssetBannerView.swift; sourceTree = "<group>"; };
		32AE95C527FFEA4C0086E9E0 /* assets.json */ = {isa = PBXFileReference; fileEncoding = 4; lastKnownFileType = text.json; path = assets.json; sourceTree = "<group>"; };
		32AE95C727FFEA6F0086E9E0 /* Asset.swift */ = {isa = PBXFileReference; lastKnownFileType = sourcecode.swift; path = Asset.swift; sourceTree = "<group>"; };
		32AE95C927FFEB220086E9E0 /* AssetSummaryData.swift */ = {isa = PBXFileReference; lastKnownFileType = sourcecode.swift; path = AssetSummaryData.swift; sourceTree = "<group>"; };
		32AE95CB27FFECBC0086E9E0 /* AssetSectionHeaderView.swift */ = {isa = PBXFileReference; lastKnownFileType = sourcecode.swift; path = AssetSectionHeaderView.swift; sourceTree = "<group>"; };
		32AE95CD27FFED490086E9E0 /* AssetSectionView.swift */ = {isa = PBXFileReference; lastKnownFileType = sourcecode.swift; path = AssetSectionView.swift; sourceTree = "<group>"; };
		32AE95CF27FFEEFA0086E9E0 /* AssetSummaryView.swift */ = {isa = PBXFileReference; lastKnownFileType = sourcecode.swift; path = AssetSummaryView.swift; sourceTree = "<group>"; };
		32AE95D227FFF3A50086E9E0 /* TapMenuView.swift */ = {isa = PBXFileReference; lastKnownFileType = sourcecode.swift; path = TapMenuView.swift; sourceTree = "<group>"; };
		32AE95D427FFF71D0086E9E0 /* AssetCardSectionView.swift */ = {isa = PBXFileReference; lastKnownFileType = sourcecode.swift; path = AssetCardSectionView.swift; sourceTree = "<group>"; };
/* End PBXFileReference section */

/* Begin PBXFrameworksBuildPhase section */
		32AE959A27F5AD0E0086E9E0 /* Frameworks */ = {
			isa = PBXFrameworksBuildPhase;
			buildActionMask = 2147483647;
			files = (
			);
			runOnlyForDeploymentPostprocessing = 0;
		};
/* End PBXFrameworksBuildPhase section */

/* Begin PBXGroup section */
		32AE959427F5AD0E0086E9E0 = {
			isa = PBXGroup;
			children = (
				32AE959F27F5AD0E0086E9E0 /* MyAssets */,
				32AE959E27F5AD0E0086E9E0 /* Products */,
			);
			sourceTree = "<group>";
		};
		32AE959E27F5AD0E0086E9E0 /* Products */ = {
			isa = PBXGroup;
			children = (
				32AE959D27F5AD0E0086E9E0 /* MyAssets.app */,
			);
			name = Products;
			sourceTree = "<group>";
		};
		32AE959F27F5AD0E0086E9E0 /* MyAssets */ = {
			isa = PBXGroup;
			children = (
				32AE95A027F5AD0E0086E9E0 /* MyAssetsApp.swift */,
				32AE95A227F5AD0E0086E9E0 /* ContentView.swift */,
				32AE95B627FD50900086E9E0 /* AssetView.swift */,
				32AE95AE27F725ED0086E9E0 /* NavigationBarWithButton.swift */,
				32AE95BA27FD51850086E9E0 /* Entity */,
				32AE95BD27FD51F70086E9E0 /* AssetMenu */,
				32AE95C427FD57FF0086E9E0 /* AssetBannerView */,
				32AE95D127FFEFFA0086E9E0 /* AssetSummaryView */,
				32AE95A427F5AD0F0086E9E0 /* Assets.xcassets */,
				32AE95C527FFEA4C0086E9E0 /* assets.json */,
				32AE95A627F5AD0F0086E9E0 /* Preview Content */,
			);
			path = MyAssets;
			sourceTree = "<group>";
		};
		32AE95A627F5AD0F0086E9E0 /* Preview Content */ = {
			isa = PBXGroup;
			children = (
				32AE95A727F5AD0F0086E9E0 /* Preview Assets.xcassets */,
			);
			path = "Preview Content";
			sourceTree = "<group>";
		};
		32AE95BA27FD51850086E9E0 /* Entity */ = {
			isa = PBXGroup;
			children = (
				32AE95C727FFEA6F0086E9E0 /* Asset.swift */,
				32AE95B827FD51720086E9E0 /* AssetBanner.swift */,
				32AE95B027FD1A0B0086E9E0 /* AssetMenu.swift */,
			);
			path = Entity;
			sourceTree = "<group>";
		};
		32AE95BD27FD51F70086E9E0 /* AssetMenu */ = {
			isa = PBXGroup;
			children = (
				32AE95B227FD1B750086E9E0 /* AssetMenuButtonStyle.swift */,
				32AE95B427FD1FBE0086E9E0 /* AssetMenuGridView.swift */,
			);
			path = AssetMenu;
			sourceTree = "<group>";
		};
		32AE95C427FD57FF0086E9E0 /* AssetBannerView */ = {
			isa = PBXGroup;
			children = (
				32AE95C227FD57F00086E9E0 /* AssetBannerView.swift */,
				32AE95BB27FD51DD0086E9E0 /* BannerCard.swift */,
				32AE95BE27FD52CD0086E9E0 /* PageViewController.swift */,
				32AE95C027FD56900086E9E0 /* PageControl.swift */,
			);
			path = AssetBannerView;
			sourceTree = "<group>";
		};
		32AE95D127FFEFFA0086E9E0 /* AssetSummaryView */ = {
			isa = PBXGroup;
			children = (
				32AE95C927FFEB220086E9E0 /* AssetSummaryData.swift */,
				32AE95CB27FFECBC0086E9E0 /* AssetSectionHeaderView.swift */,
				32AE95CD27FFED490086E9E0 /* AssetSectionView.swift */,
				32AE95CF27FFEEFA0086E9E0 /* AssetSummaryView.swift */,
				32AE95D227FFF3A50086E9E0 /* TapMenuView.swift */,
				32AE95D427FFF71D0086E9E0 /* AssetCardSectionView.swift */,
			);
			path = AssetSummaryView;
			sourceTree = "<group>";
		};
/* End PBXGroup section */

/* Begin PBXNativeTarget section */
		32AE959C27F5AD0E0086E9E0 /* MyAssets */ = {
			isa = PBXNativeTarget;
			buildConfigurationList = 32AE95AB27F5AD0F0086E9E0 /* Build configuration list for PBXNativeTarget "MyAssets" */;
			buildPhases = (
				32AE959927F5AD0E0086E9E0 /* Sources */,
				32AE959A27F5AD0E0086E9E0 /* Frameworks */,
				32AE959B27F5AD0E0086E9E0 /* Resources */,
			);
			buildRules = (
			);
			dependencies = (
			);
			name = MyAssets;
			productName = MyAssets;
			productReference = 32AE959D27F5AD0E0086E9E0 /* MyAssets.app */;
			productType = "com.apple.product-type.application";
		};
/* End PBXNativeTarget section */

/* Begin PBXProject section */
		32AE959527F5AD0E0086E9E0 /* Project object */ = {
			isa = PBXProject;
			attributes = {
				BuildIndependentTargetsInParallel = 1;
				LastSwiftUpdateCheck = 1330;
				LastUpgradeCheck = 1330;
				TargetAttributes = {
					32AE959C27F5AD0E0086E9E0 = {
						CreatedOnToolsVersion = 13.3;
					};
				};
			};
			buildConfigurationList = 32AE959827F5AD0E0086E9E0 /* Build configuration list for PBXProject "MyAssets" */;
			compatibilityVersion = "Xcode 13.0";
			developmentRegion = en;
			hasScannedForEncodings = 0;
			knownRegions = (
				en,
				Base,
			);
			mainGroup = 32AE959427F5AD0E0086E9E0;
			productRefGroup = 32AE959E27F5AD0E0086E9E0 /* Products */;
			projectDirPath = "";
			projectRoot = "";
			targets = (
				32AE959C27F5AD0E0086E9E0 /* MyAssets */,
			);
		};
/* End PBXProject section */

/* Begin PBXResourcesBuildPhase section */
		32AE959B27F5AD0E0086E9E0 /* Resources */ = {
			isa = PBXResourcesBuildPhase;
			buildActionMask = 2147483647;
			files = (
				32AE95C627FFEA4C0086E9E0 /* assets.json in Resources */,
				32AE95A827F5AD0F0086E9E0 /* Preview Assets.xcassets in Resources */,
				32AE95A527F5AD0F0086E9E0 /* Assets.xcassets in Resources */,
			);
			runOnlyForDeploymentPostprocessing = 0;
		};
/* End PBXResourcesBuildPhase section */

/* Begin PBXSourcesBuildPhase section */
		32AE959927F5AD0E0086E9E0 /* Sources */ = {
			isa = PBXSourcesBuildPhase;
			buildActionMask = 2147483647;
			files = (
				32AE95B527FD1FBE0086E9E0 /* AssetMenuGridView.swift in Sources */,
				32AE95CE27FFED490086E9E0 /* AssetSectionView.swift in Sources */,
				32AE95C827FFEA6F0086E9E0 /* Asset.swift in Sources */,
				32AE95BF27FD52CD0086E9E0 /* PageViewController.swift in Sources */,
				32AE95CA27FFEB220086E9E0 /* AssetSummaryData.swift in Sources */,
				32AE95CC27FFECBC0086E9E0 /* AssetSectionHeaderView.swift in Sources */,
				32AE95D027FFEEFA0086E9E0 /* AssetSummaryView.swift in Sources */,
				32AE95AF27F725ED0086E9E0 /* NavigationBarWithButton.swift in Sources */,
				32AE95B927FD51720086E9E0 /* AssetBanner.swift in Sources */,
				32AE95B727FD50900086E9E0 /* AssetView.swift in Sources */,
				32AE95A327F5AD0E0086E9E0 /* ContentView.swift in Sources */,
				32AE95A127F5AD0E0086E9E0 /* MyAssetsApp.swift in Sources */,
				32AE95B127FD1A0B0086E9E0 /* AssetMenu.swift in Sources */,
				32AE95D327FFF3A50086E9E0 /* TapMenuView.swift in Sources */,
				32AE95C127FD56900086E9E0 /* PageControl.swift in Sources */,
				32AE95C327FD57F00086E9E0 /* AssetBannerView.swift in Sources */,
				32AE95D527FFF71D0086E9E0 /* AssetCardSectionView.swift in Sources */,
				32AE95BC27FD51DD0086E9E0 /* BannerCard.swift in Sources */,
				32AE95B327FD1B750086E9E0 /* AssetMenuButtonStyle.swift in Sources */,
			);
			runOnlyForDeploymentPostprocessing = 0;
		};
/* End PBXSourcesBuildPhase section */

/* Begin XCBuildConfiguration section */
		32AE95A927F5AD0F0086E9E0 /* Debug */ = {
			isa = XCBuildConfiguration;
			buildSettings = {
				ALWAYS_SEARCH_USER_PATHS = NO;
				CLANG_ANALYZER_NONNULL = YES;
				CLANG_ANALYZER_NUMBER_OBJECT_CONVERSION = YES_AGGRESSIVE;
				CLANG_CXX_LANGUAGE_STANDARD = "gnu++17";
				CLANG_ENABLE_MODULES = YES;
				CLANG_ENABLE_OBJC_ARC = YES;
				CLANG_ENABLE_OBJC_WEAK = YES;
				CLANG_WARN_BLOCK_CAPTURE_AUTORELEASING = YES;
				CLANG_WARN_BOOL_CONVERSION = YES;
				CLANG_WARN_COMMA = YES;
				CLANG_WARN_CONSTANT_CONVERSION = YES;
				CLANG_WARN_DEPRECATED_OBJC_IMPLEMENTATIONS = YES;
				CLANG_WARN_DIRECT_OBJC_ISA_USAGE = YES_ERROR;
				CLANG_WARN_DOCUMENTATION_COMMENTS = YES;
				CLANG_WARN_EMPTY_BODY = YES;
				CLANG_WARN_ENUM_CONVERSION = YES;
				CLANG_WARN_INFINITE_RECURSION = YES;
				CLANG_WARN_INT_CONVERSION = YES;
				CLANG_WARN_NON_LITERAL_NULL_CONVERSION = YES;
				CLANG_WARN_OBJC_IMPLICIT_RETAIN_SELF = YES;
				CLANG_WARN_OBJC_LITERAL_CONVERSION = YES;
				CLANG_WARN_OBJC_ROOT_CLASS = YES_ERROR;
				CLANG_WARN_QUOTED_INCLUDE_IN_FRAMEWORK_HEADER = YES;
				CLANG_WARN_RANGE_LOOP_ANALYSIS = YES;
				CLANG_WARN_STRICT_PROTOTYPES = YES;
				CLANG_WARN_SUSPICIOUS_MOVE = YES;
				CLANG_WARN_UNGUARDED_AVAILABILITY = YES_AGGRESSIVE;
				CLANG_WARN_UNREACHABLE_CODE = YES;
				CLANG_WARN__DUPLICATE_METHOD_MATCH = YES;
				COPY_PHASE_STRIP = NO;
				DEBUG_INFORMATION_FORMAT = dwarf;
				ENABLE_STRICT_OBJC_MSGSEND = YES;
				ENABLE_TESTABILITY = YES;
				GCC_C_LANGUAGE_STANDARD = gnu11;
				GCC_DYNAMIC_NO_PIC = NO;
				GCC_NO_COMMON_BLOCKS = YES;
				GCC_OPTIMIZATION_LEVEL = 0;
				GCC_PREPROCESSOR_DEFINITIONS = (
					"DEBUG=1",
					"$(inherited)",
				);
				GCC_WARN_64_TO_32_BIT_CONVERSION = YES;
				GCC_WARN_ABOUT_RETURN_TYPE = YES_ERROR;
				GCC_WARN_UNDECLARED_SELECTOR = YES;
				GCC_WARN_UNINITIALIZED_AUTOS = YES_AGGRESSIVE;
				GCC_WARN_UNUSED_FUNCTION = YES;
				GCC_WARN_UNUSED_VARIABLE = YES;
				IPHONEOS_DEPLOYMENT_TARGET = 15.4;
				MTL_ENABLE_DEBUG_INFO = INCLUDE_SOURCE;
				MTL_FAST_MATH = YES;
				ONLY_ACTIVE_ARCH = YES;
				SDKROOT = iphoneos;
				SWIFT_ACTIVE_COMPILATION_CONDITIONS = DEBUG;
				SWIFT_OPTIMIZATION_LEVEL = "-Onone";
			};
			name = Debug;
		};
		32AE95AA27F5AD0F0086E9E0 /* Release */ = {
			isa = XCBuildConfiguration;
			buildSettings = {
				ALWAYS_SEARCH_USER_PATHS = NO;
				CLANG_ANALYZER_NONNULL = YES;
				CLANG_ANALYZER_NUMBER_OBJECT_CONVERSION = YES_AGGRESSIVE;
				CLANG_CXX_LANGUAGE_STANDARD = "gnu++17";
				CLANG_ENABLE_MODULES = YES;
				CLANG_ENABLE_OBJC_ARC = YES;
				CLANG_ENABLE_OBJC_WEAK = YES;
				CLANG_WARN_BLOCK_CAPTURE_AUTORELEASING = YES;
				CLANG_WARN_BOOL_CONVERSION = YES;
				CLANG_WARN_COMMA = YES;
				CLANG_WARN_CONSTANT_CONVERSION = YES;
				CLANG_WARN_DEPRECATED_OBJC_IMPLEMENTATIONS = YES;
				CLANG_WARN_DIRECT_OBJC_ISA_USAGE = YES_ERROR;
				CLANG_WARN_DOCUMENTATION_COMMENTS = YES;
				CLANG_WARN_EMPTY_BODY = YES;
				CLANG_WARN_ENUM_CONVERSION = YES;
				CLANG_WARN_INFINITE_RECURSION = YES;
				CLANG_WARN_INT_CONVERSION = YES;
				CLANG_WARN_NON_LITERAL_NULL_CONVERSION = YES;
				CLANG_WARN_OBJC_IMPLICIT_RETAIN_SELF = YES;
				CLANG_WARN_OBJC_LITERAL_CONVERSION = YES;
				CLANG_WARN_OBJC_ROOT_CLASS = YES_ERROR;
				CLANG_WARN_QUOTED_INCLUDE_IN_FRAMEWORK_HEADER = YES;
				CLANG_WARN_RANGE_LOOP_ANALYSIS = YES;
				CLANG_WARN_STRICT_PROTOTYPES = YES;
				CLANG_WARN_SUSPICIOUS_MOVE = YES;
				CLANG_WARN_UNGUARDED_AVAILABILITY = YES_AGGRESSIVE;
				CLANG_WARN_UNREACHABLE_CODE = YES;
				CLANG_WARN__DUPLICATE_METHOD_MATCH = YES;
				COPY_PHASE_STRIP = NO;
				DEBUG_INFORMATION_FORMAT = "dwarf-with-dsym";
				ENABLE_NS_ASSERTIONS = NO;
				ENABLE_STRICT_OBJC_MSGSEND = YES;
				GCC_C_LANGUAGE_STANDARD = gnu11;
				GCC_NO_COMMON_BLOCKS = YES;
				GCC_WARN_64_TO_32_BIT_CONVERSION = YES;
				GCC_WARN_ABOUT_RETURN_TYPE = YES_ERROR;
				GCC_WARN_UNDECLARED_SELECTOR = YES;
				GCC_WARN_UNINITIALIZED_AUTOS = YES_AGGRESSIVE;
				GCC_WARN_UNUSED_FUNCTION = YES;
				GCC_WARN_UNUSED_VARIABLE = YES;
				IPHONEOS_DEPLOYMENT_TARGET = 15.4;
				MTL_ENABLE_DEBUG_INFO = NO;
				MTL_FAST_MATH = YES;
				SDKROOT = iphoneos;
				SWIFT_COMPILATION_MODE = wholemodule;
				SWIFT_OPTIMIZATION_LEVEL = "-O";
				VALIDATE_PRODUCT = YES;
			};
			name = Release;
		};
		32AE95AC27F5AD0F0086E9E0 /* Debug */ = {
			isa = XCBuildConfiguration;
			buildSettings = {
				ASSETCATALOG_COMPILER_APPICON_NAME = AppIcon;
				ASSETCATALOG_COMPILER_GLOBAL_ACCENT_COLOR_NAME = AccentColor;
				CODE_SIGN_STYLE = Automatic;
				CURRENT_PROJECT_VERSION = 1;
				DEVELOPMENT_ASSET_PATHS = "\"MyAssets/Preview Content\"";
				DEVELOPMENT_TEAM = BKXCG2AF62;
				ENABLE_PREVIEWS = YES;
				GENERATE_INFOPLIST_FILE = YES;
				INFOPLIST_KEY_UIApplicationSceneManifest_Generation = YES;
				INFOPLIST_KEY_UIApplicationSupportsIndirectInputEvents = YES;
				INFOPLIST_KEY_UILaunchScreen_Generation = YES;
				INFOPLIST_KEY_UISupportedInterfaceOrientations_iPad = "UIInterfaceOrientationPortrait UIInterfaceOrientationPortraitUpsideDown UIInterfaceOrientationLandscapeLeft UIInterfaceOrientationLandscapeRight";
				INFOPLIST_KEY_UISupportedInterfaceOrientations_iPhone = "UIInterfaceOrientationPortrait UIInterfaceOrientationLandscapeLeft UIInterfaceOrientationLandscapeRight";
				INFOPLIST_KEY_UIUserInterfaceStyle = Light;
				LD_RUNPATH_SEARCH_PATHS = (
					"$(inherited)",
					"@executable_path/Frameworks",
				);
				MARKETING_VERSION = 1.0;
				PRODUCT_BUNDLE_IDENTIFIER = kr.home.MyAssets;
				PRODUCT_NAME = "$(TARGET_NAME)";
				SWIFT_EMIT_LOC_STRINGS = YES;
				SWIFT_VERSION = 5.0;
				TARGETED_DEVICE_FAMILY = "1,2";
			};
			name = Debug;
		};
		32AE95AD27F5AD0F0086E9E0 /* Release */ = {
			isa = XCBuildConfiguration;
			buildSettings = {
				ASSETCATALOG_COMPILER_APPICON_NAME = AppIcon;
				ASSETCATALOG_COMPILER_GLOBAL_ACCENT_COLOR_NAME = AccentColor;
				CODE_SIGN_STYLE = Automatic;
				CURRENT_PROJECT_VERSION = 1;
				DEVELOPMENT_ASSET_PATHS = "\"MyAssets/Preview Content\"";
				DEVELOPMENT_TEAM = BKXCG2AF62;
				ENABLE_PREVIEWS = YES;
				GENERATE_INFOPLIST_FILE = YES;
				INFOPLIST_KEY_UIApplicationSceneManifest_Generation = YES;
				INFOPLIST_KEY_UIApplicationSupportsIndirectInputEvents = YES;
				INFOPLIST_KEY_UILaunchScreen_Generation = YES;
				INFOPLIST_KEY_UISupportedInterfaceOrientations_iPad = "UIInterfaceOrientationPortrait UIInterfaceOrientationPortraitUpsideDown UIInterfaceOrientationLandscapeLeft UIInterfaceOrientationLandscapeRight";
				INFOPLIST_KEY_UISupportedInterfaceOrientations_iPhone = "UIInterfaceOrientationPortrait UIInterfaceOrientationLandscapeLeft UIInterfaceOrientationLandscapeRight";
				INFOPLIST_KEY_UIUserInterfaceStyle = Light;
				LD_RUNPATH_SEARCH_PATHS = (
					"$(inherited)",
					"@executable_path/Frameworks",
				);
				MARKETING_VERSION = 1.0;
				PRODUCT_BUNDLE_IDENTIFIER = kr.home.MyAssets;
				PRODUCT_NAME = "$(TARGET_NAME)";
				SWIFT_EMIT_LOC_STRINGS = YES;
				SWIFT_VERSION = 5.0;
				TARGETED_DEVICE_FAMILY = "1,2";
			};
			name = Release;
		};
/* End XCBuildConfiguration section */

/* Begin XCConfigurationList section */
		32AE959827F5AD0E0086E9E0 /* Build configuration list for PBXProject "MyAssets" */ = {
			isa = XCConfigurationList;
			buildConfigurations = (
				32AE95A927F5AD0F0086E9E0 /* Debug */,
				32AE95AA27F5AD0F0086E9E0 /* Release */,
			);
			defaultConfigurationIsVisible = 0;
			defaultConfigurationName = Release;
		};
		32AE95AB27F5AD0F0086E9E0 /* Build configuration list for PBXNativeTarget "MyAssets" */ = {
			isa = XCConfigurationList;
			buildConfigurations = (
				32AE95AC27F5AD0F0086E9E0 /* Debug */,
				32AE95AD27F5AD0F0086E9E0 /* Release */,
			);
			defaultConfigurationIsVisible = 0;
			defaultConfigurationName = Release;
		};
/* End XCConfigurationList section */
	};
	rootObject = 32AE959527F5AD0E0086E9E0 /* Project object */;
}
